
Microsoft Visual Studio Solution File, Format Version 12.00
# Visual Studio Version 17
VisualStudioVersion = 17.13.35825.156
MinimumVisualStudioVersion = 10.0.40219.1
Project("{FAE04EC0-301F-11D3-BF4B-00C04F79EFBC}") = "Biblioteca", "Biblioteca.csproj", "{01802B2D-567D-4E35-BA48-E5C7239A3599}"
EndProject
Global
	GlobalSection(SolutionConfigurationPlatforms) = preSolution
		Debug|Any CPU = Debug|Any CPU
		Release|Any CPU = Release|Any CPU
	EndGlobalSection
	GlobalSection(ProjectConfigurationPlatforms) = postSolution
		{01802B2D-567D-4E35-BA48-E5C7239A3599}.Debug|Any CPU.ActiveCfg = Debug|Any CPU
		{01802B2D-567D-4E35-BA48-E5C7239A3599}.Debug|Any CPU.Build.0 = Debug|Any CPU
		{01802B2D-567D-4E35-BA48-E5C7239A3599}.Release|Any CPU.ActiveCfg = Release|Any CPU
		{01802B2D-567D-4E35-BA48-E5C7239A3599}.Release|Any CPU.Build.0 = Release|Any CPU
	EndGlobalSection
	GlobalSection(SolutionProperties) = preSolution
		HideSolutionNode = FALSE
	EndGlobalSection
	GlobalSection(ExtensibilityGlobals) = postSolution
		SolutionGuid = {2A4B13F1-5A18-43EE-B7E9-E068D53F7224}
	EndGlobalSection
EndGlobal
